
Microsoft Visual Studio Solution File, Format Version 12.00
# Visual Studio Version 17
VisualStudioVersion = 17.9.34616.47
MinimumVisualStudioVersion = 10.0.40219.1
Project("{FAE04EC0-301F-11D3-BF4B-00C04F79EFBC}") = "Markdowser", "Markdowser\Markdowser.csproj", "{98C02B25-7D7D-4F83-892D-5503FFF3D108}"
EndProject
Global
	GlobalSection(SolutionConfigurationPlatforms) = preSolution
		Debug|Any CPU = Debug|Any CPU
		Release|Any CPU = Release|Any CPU
	EndGlobalSection
	GlobalSection(ProjectConfigurationPlatforms) = postSolution
		{98C02B25-7D7D-4F83-892D-5503FFF3D108}.Debug|Any CPU.ActiveCfg = Debug|Any CPU
		{98C02B25-7D7D-4F83-892D-5503FFF3D108}.Debug|Any CPU.Build.0 = Debug|Any CPU
		{98C02B25-7D7D-4F83-892D-5503FFF3D108}.Release|Any CPU.ActiveCfg = Release|Any CPU
		{98C02B25-7D7D-4F83-892D-5503FFF3D108}.Release|Any CPU.Build.0 = Release|Any CPU
	EndGlobalSection
	GlobalSection(SolutionProperties) = preSolution
		HideSolutionNode = FALSE
	EndGlobalSection
	GlobalSection(ExtensibilityGlobals) = postSolution
		SolutionGuid = {93739FBA-8641-4D80-A0C5-64201ABD1B13}
	EndGlobalSection
EndGlobal
